// !$*UTF8*$!
{
	archiveVersion = 1;
	classes = {
	};
	objectVersion = 53;
	objects = {

/* Begin PBXBuildFile section */
		2410DE5C253E1B07009D9DE6 /* ViewController.swift in Sources */ = {isa = PBXBuildFile; fileRef = 2410DE5B253E1B07009D9DE6 /* ViewController.swift */; };
		2410DE61253E1B0D009D9DE6 /* Assets.xcassets in Resources */ = {isa = PBXBuildFile; fileRef = 2410DE60253E1B0D009D9DE6 /* Assets.xcassets */; };
		2410DE64253E1B0D009D9DE6 /* LaunchScreen.storyboard in Resources */ = {isa = PBXBuildFile; fileRef = 2410DE62253E1B0D009D9DE6 /* LaunchScreen.storyboard */; };
		241CAA6B254ABD57002544D1 /* SymbolView.swift in Sources */ = {isa = PBXBuildFile; fileRef = 241CAA6A254ABD57002544D1 /* SymbolView.swift */; };
		2472CAFE253ED656001615F4 /* SetGame.swift in Sources */ = {isa = PBXBuildFile; fileRef = 2472CAFD253ED656001615F4 /* SetGame.swift */; };
		249C9B152545AC16009DF57B /* IntToArray.swift in Sources */ = {isa = PBXBuildFile; fileRef = 249C9B142545AC16009DF57B /* IntToArray.swift */; };
		24BE954C25415DC40097D9D8 /* CardSet.swift in Sources */ = {isa = PBXBuildFile; fileRef = 24BE954B25415DC40097D9D8 /* CardSet.swift */; };
		24E01D30255DA4F500A46F6D /* AppDelegate.swift in Sources */ = {isa = PBXBuildFile; fileRef = 24E01D2F255DA4F500A46F6D /* AppDelegate.swift */; };
		24E01D32255DA50000A46F6D /* SceneDelegate.swift in Sources */ = {isa = PBXBuildFile; fileRef = 24E01D31255DA50000A46F6D /* SceneDelegate.swift */; };
		24F962A7254DDD6A00B6D04C /* Grid.swift in Sources */ = {isa = PBXBuildFile; fileRef = 24F962A6254DDD6900B6D04C /* Grid.swift */; };
/* End PBXBuildFile section */

/* Begin PBXFileReference section */
		2410DE54253E1B07009D9DE6 /* SetGame.app */ = {isa = PBXFileReference; explicitFileType = wrapper.application; includeInIndex = 0; path = SetGame.app; sourceTree = BUILT_PRODUCTS_DIR; };
		2410DE5B253E1B07009D9DE6 /* ViewController.swift */ = {isa = PBXFileReference; lastKnownFileType = sourcecode.swift; path = ViewController.swift; sourceTree = "<group>"; };
		2410DE60253E1B0D009D9DE6 /* Assets.xcassets */ = {isa = PBXFileReference; lastKnownFileType = folder.assetcatalog; path = Assets.xcassets; sourceTree = "<group>"; };
		2410DE63253E1B0D009D9DE6 /* Base */ = {isa = PBXFileReference; lastKnownFileType = file.storyboard; name = Base; path = Base.lproj/LaunchScreen.storyboard; sourceTree = "<group>"; };
		2410DE65253E1B0D009D9DE6 /* Info.plist */ = {isa = PBXFileReference; lastKnownFileType = text.plist.xml; path = Info.plist; sourceTree = "<group>"; };
		241CAA6A254ABD57002544D1 /* SymbolView.swift */ = {isa = PBXFileReference; lastKnownFileType = sourcecode.swift; path = SymbolView.swift; sourceTree = "<group>"; };
		2472CAFD253ED656001615F4 /* SetGame.swift */ = {isa = PBXFileReference; lastKnownFileType = sourcecode.swift; path = SetGame.swift; sourceTree = "<group>"; };
		249C9B142545AC16009DF57B /* IntToArray.swift */ = {isa = PBXFileReference; lastKnownFileType = sourcecode.swift; path = IntToArray.swift; sourceTree = "<group>"; };
		24BE954B25415DC40097D9D8 /* CardSet.swift */ = {isa = PBXFileReference; lastKnownFileType = sourcecode.swift; path = CardSet.swift; sourceTree = "<group>"; };
		24E01D2F255DA4F500A46F6D /* AppDelegate.swift */ = {isa = PBXFileReference; fileEncoding = 4; lastKnownFileType = sourcecode.swift; path = AppDelegate.swift; sourceTree = "<group>"; };
		24E01D31255DA50000A46F6D /* SceneDelegate.swift */ = {isa = PBXFileReference; fileEncoding = 4; lastKnownFileType = sourcecode.swift; path = SceneDelegate.swift; sourceTree = "<group>"; };
		24F962A6254DDD6900B6D04C /* Grid.swift */ = {isa = PBXFileReference; fileEncoding = 4; lastKnownFileType = sourcecode.swift; path = Grid.swift; sourceTree = "<group>"; };
/* End PBXFileReference section */

/* Begin PBXFrameworksBuildPhase section */
		2410DE51253E1B07009D9DE6 /* Frameworks */ = {
			isa = PBXFrameworksBuildPhase;
			buildActionMask = 2147483647;
			files = (
			);
			runOnlyForDeploymentPostprocessing = 0;
		};
/* End PBXFrameworksBuildPhase section */

/* Begin PBXGroup section */
		2410DE4B253E1B07009D9DE6 = {
			isa = PBXGroup;
			children = (
				2410DE56253E1B07009D9DE6 /* Sources */,
				B2FE54792AB35FB70011C23C /* Resources */,
				2410DE55253E1B07009D9DE6 /* Products */,
			);
			sourceTree = "<group>";
		};
		2410DE55253E1B07009D9DE6 /* Products */ = {
			isa = PBXGroup;
			children = (
				2410DE54253E1B07009D9DE6 /* SetGame.app */,
			);
			name = Products;
			sourceTree = "<group>";
		};
		2410DE56253E1B07009D9DE6 /* Sources */ = {
			isa = PBXGroup;
			children = (
				B2FE547A2AB410F10011C23C /* Application */,
				B2FE54772AB35EF80011C23C /* Modules */,
				B2FE54782AB35F5D0011C23C /* Views */,
				B2FE547B2AB413500011C23C /* Helpers */,
				249C9B162545AD44009DF57B /* Extensions */,
			);
			path = Sources;
			sourceTree = "<group>";
		};
		249C9B162545AD44009DF57B /* Extensions */ = {
			isa = PBXGroup;
			children = (
				249C9B142545AC16009DF57B /* IntToArray.swift */,
			);
			path = Extensions;
			sourceTree = "<group>";
		};
		B2FE54772AB35EF80011C23C /* Modules */ = {
			isa = PBXGroup;
			children = (
				2410DE5B253E1B07009D9DE6 /* ViewController.swift */,
				2472CAFD253ED656001615F4 /* SetGame.swift */,
			);
			path = Modules;
			sourceTree = "<group>";
		};
		B2FE54782AB35F5D0011C23C /* Views */ = {
			isa = PBXGroup;
			children = (
				241CAA6A254ABD57002544D1 /* SymbolView.swift */,
			);
			path = Views;
			sourceTree = "<group>";
		};
		B2FE54792AB35FB70011C23C /* Resources */ = {
			isa = PBXGroup;
			children = (
				2410DE65253E1B0D009D9DE6 /* Info.plist */,
				2410DE60253E1B0D009D9DE6 /* Assets.xcassets */,
				2410DE62253E1B0D009D9DE6 /* LaunchScreen.storyboard */,
			);
			path = Resources;
			sourceTree = "<group>";
		};
		B2FE547A2AB410F10011C23C /* Application */ = {
			isa = PBXGroup;
			children = (
				24E01D2F255DA4F500A46F6D /* AppDelegate.swift */,
				24E01D31255DA50000A46F6D /* SceneDelegate.swift */,
			);
			path = Application;
			sourceTree = "<group>";
		};
		B2FE547B2AB413500011C23C /* Helpers */ = {
			isa = PBXGroup;
			children = (
				24BE954B25415DC40097D9D8 /* CardSet.swift */,
				24F962A6254DDD6900B6D04C /* Grid.swift */,
			);
			path = Helpers;
			sourceTree = "<group>";
		};
/* End PBXGroup section */

/* Begin PBXNativeTarget section */
		2410DE53253E1B07009D9DE6 /* SetGame */ = {
			isa = PBXNativeTarget;
			buildConfigurationList = 2410DE68253E1B0D009D9DE6 /* Build configuration list for PBXNativeTarget "SetGame" */;
			buildPhases = (
				2410DE50253E1B07009D9DE6 /* Sources */,
				2410DE51253E1B07009D9DE6 /* Frameworks */,
				2410DE52253E1B07009D9DE6 /* Resources */,
			);
			buildRules = (
			);
			dependencies = (
			);
			name = SetGame;
			productName = SetGame;
			productReference = 2410DE54253E1B07009D9DE6 /* SetGame.app */;
			productType = "com.apple.product-type.application";
		};
/* End PBXNativeTarget section */

/* Begin PBXProject section */
		2410DE4C253E1B07009D9DE6 /* Project object */ = {
			isa = PBXProject;
			attributes = {
				BuildIndependentTargetsInParallel = YES;
				LastSwiftUpdateCheck = 1170;
				LastUpgradeCheck = 1430;
				ORGANIZATIONNAME = Nik;
				TargetAttributes = {
					2410DE53253E1B07009D9DE6 = {
						CreatedOnToolsVersion = 11.7;
					};
				};
			};
			buildConfigurationList = 2410DE4F253E1B07009D9DE6 /* Build configuration list for PBXProject "SetGame" */;
			compatibilityVersion = "Xcode 9.3";
			developmentRegion = en;
			hasScannedForEncodings = 0;
			knownRegions = (
				en,
				Base,
			);
			mainGroup = 2410DE4B253E1B07009D9DE6;
			productRefGroup = 2410DE55253E1B07009D9DE6 /* Products */;
			projectDirPath = "";
			projectRoot = "";
			targets = (
				2410DE53253E1B07009D9DE6 /* SetGame */,
			);
		};
/* End PBXProject section */

/* Begin PBXResourcesBuildPhase section */
		2410DE52253E1B07009D9DE6 /* Resources */ = {
			isa = PBXResourcesBuildPhase;
			buildActionMask = 2147483647;
			files = (
				2410DE64253E1B0D009D9DE6 /* LaunchScreen.storyboard in Resources */,
				2410DE61253E1B0D009D9DE6 /* Assets.xcassets in Resources */,
			);
			runOnlyForDeploymentPostprocessing = 0;
		};
/* End PBXResourcesBuildPhase section */

/* Begin PBXSourcesBuildPhase section */
		2410DE50253E1B07009D9DE6 /* Sources */ = {
			isa = PBXSourcesBuildPhase;
			buildActionMask = 2147483647;
			files = (
				24BE954C25415DC40097D9D8 /* CardSet.swift in Sources */,
				249C9B152545AC16009DF57B /* IntToArray.swift in Sources */,
				2410DE5C253E1B07009D9DE6 /* ViewController.swift in Sources */,
				24F962A7254DDD6A00B6D04C /* Grid.swift in Sources */,
				24E01D30255DA4F500A46F6D /* AppDelegate.swift in Sources */,
				2472CAFE253ED656001615F4 /* SetGame.swift in Sources */,
				241CAA6B254ABD57002544D1 /* SymbolView.swift in Sources */,
				24E01D32255DA50000A46F6D /* SceneDelegate.swift in Sources */,
			);
			runOnlyForDeploymentPostprocessing = 0;
		};
/* End PBXSourcesBuildPhase section */

/* Begin PBXVariantGroup section */
		2410DE62253E1B0D009D9DE6 /* LaunchScreen.storyboard */ = {
			isa = PBXVariantGroup;
			children = (
				2410DE63253E1B0D009D9DE6 /* Base */,
			);
			name = LaunchScreen.storyboard;
			sourceTree = "<group>";
		};
/* End PBXVariantGroup section */

/* Begin XCBuildConfiguration section */
		2410DE66253E1B0D009D9DE6 /* Debug */ = {
			isa = XCBuildConfiguration;
			buildSettings = {
				ALWAYS_SEARCH_USER_PATHS = NO;
				CLANG_ANALYZER_NONNULL = YES;
				CLANG_ANALYZER_NUMBER_OBJECT_CONVERSION = YES_AGGRESSIVE;
				CLANG_CXX_LANGUAGE_STANDARD = "gnu++14";
				CLANG_CXX_LIBRARY = "libc++";
				CLANG_ENABLE_MODULES = YES;
				CLANG_ENABLE_OBJC_ARC = YES;
				CLANG_ENABLE_OBJC_WEAK = YES;
				CLANG_WARN_BLOCK_CAPTURE_AUTORELEASING = YES;
				CLANG_WARN_BOOL_CONVERSION = YES;
				CLANG_WARN_COMMA = YES;
				CLANG_WARN_CONSTANT_CONVERSION = YES;
				CLANG_WARN_DEPRECATED_OBJC_IMPLEMENTATIONS = YES;
				CLANG_WARN_DIRECT_OBJC_ISA_USAGE = YES_ERROR;
				CLANG_WARN_DOCUMENTATION_COMMENTS = YES;
				CLANG_WARN_EMPTY_BODY = YES;
				CLANG_WARN_ENUM_CONVERSION = YES;
				CLANG_WARN_INFINITE_RECURSION = YES;
				CLANG_WARN_INT_CONVERSION = YES;
				CLANG_WARN_NON_LITERAL_NULL_CONVERSION = YES;
				CLANG_WARN_OBJC_IMPLICIT_RETAIN_SELF = YES;
				CLANG_WARN_OBJC_LITERAL_CONVERSION = YES;
				CLANG_WARN_OBJC_ROOT_CLASS = YES_ERROR;
				CLANG_WARN_QUOTED_INCLUDE_IN_FRAMEWORK_HEADER = YES;
				CLANG_WARN_RANGE_LOOP_ANALYSIS = YES;
				CLANG_WARN_STRICT_PROTOTYPES = YES;
				CLANG_WARN_SUSPICIOUS_MOVE = YES;
				CLANG_WARN_UNGUARDED_AVAILABILITY = YES_AGGRESSIVE;
				CLANG_WARN_UNREACHABLE_CODE = YES;
				CLANG_WARN__DUPLICATE_METHOD_MATCH = YES;
				COPY_PHASE_STRIP = NO;
				DEBUG_INFORMATION_FORMAT = dwarf;
				ENABLE_STRICT_OBJC_MSGSEND = YES;
				ENABLE_TESTABILITY = YES;
				GCC_C_LANGUAGE_STANDARD = gnu11;
				GCC_DYNAMIC_NO_PIC = NO;
				GCC_NO_COMMON_BLOCKS = YES;
				GCC_OPTIMIZATION_LEVEL = 0;
				GCC_PREPROCESSOR_DEFINITIONS = (
					"DEBUG=1",
					"$(inherited)",
				);
				GCC_WARN_64_TO_32_BIT_CONVERSION = YES;
				GCC_WARN_ABOUT_RETURN_TYPE = YES_ERROR;
				GCC_WARN_UNDECLARED_SELECTOR = YES;
				GCC_WARN_UNINITIALIZED_AUTOS = YES_AGGRESSIVE;
				GCC_WARN_UNUSED_FUNCTION = YES;
				GCC_WARN_UNUSED_VARIABLE = YES;
				IPHONEOS_DEPLOYMENT_TARGET = 16.0;
				MTL_ENABLE_DEBUG_INFO = INCLUDE_SOURCE;
				MTL_FAST_MATH = YES;
				ONLY_ACTIVE_ARCH = YES;
				SDKROOT = iphoneos;
				SWIFT_ACTIVE_COMPILATION_CONDITIONS = DEBUG;
				SWIFT_OPTIMIZATION_LEVEL = "-Onone";
			};
			name = Debug;
		};
		2410DE67253E1B0D009D9DE6 /* Release */ = {
			isa = XCBuildConfiguration;
			buildSettings = {
				ALWAYS_SEARCH_USER_PATHS = NO;
				CLANG_ANALYZER_NONNULL = YES;
				CLANG_ANALYZER_NUMBER_OBJECT_CONVERSION = YES_AGGRESSIVE;
				CLANG_CXX_LANGUAGE_STANDARD = "gnu++14";
				CLANG_CXX_LIBRARY = "libc++";
				CLANG_ENABLE_MODULES = YES;
				CLANG_ENABLE_OBJC_ARC = YES;
				CLANG_ENABLE_OBJC_WEAK = YES;
				CLANG_WARN_BLOCK_CAPTURE_AUTORELEASING = YES;
				CLANG_WARN_BOOL_CONVERSION = YES;
				CLANG_WARN_COMMA = YES;
				CLANG_WARN_CONSTANT_CONVERSION = YES;
				CLANG_WARN_DEPRECATED_OBJC_IMPLEMENTATIONS = YES;
				CLANG_WARN_DIRECT_OBJC_ISA_USAGE = YES_ERROR;
				CLANG_WARN_DOCUMENTATION_COMMENTS = YES;
				CLANG_WARN_EMPTY_BODY = YES;
				CLANG_WARN_ENUM_CONVERSION = YES;
				CLANG_WARN_INFINITE_RECURSION = YES;
				CLANG_WARN_INT_CONVERSION = YES;
				CLANG_WARN_NON_LITERAL_NULL_CONVERSION = YES;
				CLANG_WARN_OBJC_IMPLICIT_RETAIN_SELF = YES;
				CLANG_WARN_OBJC_LITERAL_CONVERSION = YES;
				CLANG_WARN_OBJC_ROOT_CLASS = YES_ERROR;
				CLANG_WARN_QUOTED_INCLUDE_IN_FRAMEWORK_HEADER = YES;
				CLANG_WARN_RANGE_LOOP_ANALYSIS = YES;
				CLANG_WARN_STRICT_PROTOTYPES = YES;
				CLANG_WARN_SUSPICIOUS_MOVE = YES;
				CLANG_WARN_UNGUARDED_AVAILABILITY = YES_AGGRESSIVE;
				CLANG_WARN_UNREACHABLE_CODE = YES;
				CLANG_WARN__DUPLICATE_METHOD_MATCH = YES;
				COPY_PHASE_STRIP = NO;
				DEBUG_INFORMATION_FORMAT = "dwarf-with-dsym";
				ENABLE_NS_ASSERTIONS = NO;
				ENABLE_STRICT_OBJC_MSGSEND = YES;
				GCC_C_LANGUAGE_STANDARD = gnu11;
				GCC_NO_COMMON_BLOCKS = YES;
				GCC_WARN_64_TO_32_BIT_CONVERSION = YES;
				GCC_WARN_ABOUT_RETURN_TYPE = YES_ERROR;
				GCC_WARN_UNDECLARED_SELECTOR = YES;
				GCC_WARN_UNINITIALIZED_AUTOS = YES_AGGRESSIVE;
				GCC_WARN_UNUSED_FUNCTION = YES;
				GCC_WARN_UNUSED_VARIABLE = YES;
				IPHONEOS_DEPLOYMENT_TARGET = 16.0;
				MTL_ENABLE_DEBUG_INFO = NO;
				MTL_FAST_MATH = YES;
				SDKROOT = iphoneos;
				SWIFT_COMPILATION_MODE = wholemodule;
				SWIFT_OPTIMIZATION_LEVEL = "-O";
				VALIDATE_PRODUCT = YES;
			};
			name = Release;
		};
		2410DE69253E1B0D009D9DE6 /* Debug */ = {
			isa = XCBuildConfiguration;
			buildSettings = {
				ASSETCATALOG_COMPILER_APPICON_NAME = AppIcon;
				CODE_SIGN_STYLE = Automatic;
				CURRENT_PROJECT_VERSION = 1;
				DEVELOPMENT_TEAM = 72AKTAX57S;
				INFOPLIST_FILE = Resources/Info.plist;
				INFOPLIST_KEY_CFBundleDisplayName = Set;
				INFOPLIST_KEY_LSApplicationCategoryType = "public.app-category.card-games";
				LD_RUNPATH_SEARCH_PATHS = (
					"$(inherited)",
					"@executable_path/Frameworks",
				);
				MARKETING_VERSION = 0.0.1;
				PRODUCT_BUNDLE_IDENTIFIER = com.game.set;
				PRODUCT_NAME = "$(TARGET_NAME)";
				SWIFT_VERSION = 5.0;
				TARGETED_DEVICE_FAMILY = "1,2";
			};
			name = Debug;
		};
		2410DE6A253E1B0D009D9DE6 /* Release */ = {
			isa = XCBuildConfiguration;
			buildSettings = {
				ASSETCATALOG_COMPILER_APPICON_NAME = AppIcon;
				CODE_SIGN_STYLE = Automatic;
				CURRENT_PROJECT_VERSION = 1;
				DEVELOPMENT_TEAM = 72AKTAX57S;
				INFOPLIST_FILE = Resources/Info.plist;
				INFOPLIST_KEY_CFBundleDisplayName = Set;
				INFOPLIST_KEY_LSApplicationCategoryType = "public.app-category.card-games";
				LD_RUNPATH_SEARCH_PATHS = (
					"$(inherited)",
					"@executable_path/Frameworks",
				);
				MARKETING_VERSION = 0.0.1;
				PRODUCT_BUNDLE_IDENTIFIER = com.game.set;
				PRODUCT_NAME = "$(TARGET_NAME)";
				SWIFT_VERSION = 5.0;
				TARGETED_DEVICE_FAMILY = "1,2";
			};
			name = Release;
		};
/* End XCBuildConfiguration section */

/* Begin XCConfigurationList section */
		2410DE4F253E1B07009D9DE6 /* Build configuration list for PBXProject "SetGame" */ = {
			isa = XCConfigurationList;
			buildConfigurations = (
				2410DE66253E1B0D009D9DE6 /* Debug */,
				2410DE67253E1B0D009D9DE6 /* Release */,
			);
			defaultConfigurationIsVisible = 0;
			defaultConfigurationName = Release;
		};
		2410DE68253E1B0D009D9DE6 /* Build configuration list for PBXNativeTarget "SetGame" */ = {
			isa = XCConfigurationList;
			buildConfigurations = (
				2410DE69253E1B0D009D9DE6 /* Debug */,
				2410DE6A253E1B0D009D9DE6 /* Release */,
			);
			defaultConfigurationIsVisible = 0;
			defaultConfigurationName = Release;
		};
/* End XCConfigurationList section */
	};
	rootObject = 2410DE4C253E1B07009D9DE6 /* Project object */;
}
